
Microsoft Visual Studio Solution File, Format Version 12.00
# Visual Studio Version 16
VisualStudioVersion = 16.0.29519.87
MinimumVisualStudioVersion = 10.0.40219.1
Project("{FAE04EC0-301F-11D3-BF4B-00C04F79EFBC}") = "Power4", "Power4.csproj", "{01E20320-B82D-4200-9F5E-A77E5EFCB1CA}"
EndProject
Project("{2150E333-8FDC-42A3-9474-1A3956D46DE8}") = "Solution Items", "Solution Items", "{48F6D3F1-9CAD-4A4A-B5E8-34F75D32EB6A}"
	ProjectSection(SolutionItems) = preProject
		.editorconfig = .editorconfig
	EndProjectSection
EndProject
Global
	GlobalSection(SolutionConfigurationPlatforms) = preSolution
		Debug|Any CPU = Debug|Any CPU
		Debug|x86 = Debug|x86
		Release|Any CPU = Release|Any CPU
		Release|x86 = Release|x86
	EndGlobalSection
	GlobalSection(ProjectConfigurationPlatforms) = postSolution
		{01E20320-B82D-4200-9F5E-A77E5EFCB1CA}.Debug|Any CPU.ActiveCfg = Debug|Any CPU
		{01E20320-B82D-4200-9F5E-A77E5EFCB1CA}.Debug|Any CPU.Build.0 = Debug|Any CPU
		{01E20320-B82D-4200-9F5E-A77E5EFCB1CA}.Debug|x86.ActiveCfg = Debug|x86
		{01E20320-B82D-4200-9F5E-A77E5EFCB1CA}.Debug|x86.Build.0 = Debug|x86
		{01E20320-B82D-4200-9F5E-A77E5EFCB1CA}.Release|Any CPU.ActiveCfg = Release|Any CPU
		{01E20320-B82D-4200-9F5E-A77E5EFCB1CA}.Release|Any CPU.Build.0 = Release|Any CPU
		{01E20320-B82D-4200-9F5E-A77E5EFCB1CA}.Release|x86.ActiveCfg = Release|x86
		{01E20320-B82D-4200-9F5E-A77E5EFCB1CA}.Release|x86.Build.0 = Release|x86
	EndGlobalSection
	GlobalSection(SolutionProperties) = preSolution
		HideSolutionNode = FALSE
	EndGlobalSection
	GlobalSection(ExtensibilityGlobals) = postSolution
		SolutionGuid = {B519A715-795C-4D41-968F-849C8249CCBD}
	EndGlobalSection
EndGlobal
